<?xml version="1.0" encoding="utf-8"?>
<Project ToolsVersion="4.0" xmlns="http://schemas.microsoft.com/developer/msbuild/2003">
  <ItemGroup>
    <Filter Include="Source Files">
      <UniqueIdentifier>{4FC737F1-C7A5-4376-A066-2A32D752A2FF}</UniqueIdentifier>
      <Extensions>cpp;c;cc;cxx;c++;cppm;ixx;def;odl;idl;hpj;bat;asm;asmx</Extensions>
    </Filter>
    <Filter Include="Resource Files">
      <UniqueIdentifier>{67DA6AB6-F800-4c08-8B7A-83BB121AAD01}</UniqueIdentifier>
      <Extensions>rc;ico;cur;bmp;dlg;rc2;rct;bin;rgs;gif;jpg;jpeg;jpe;resx;tiff;tif;png;wav;mfcribbon-ms</Extensions>
    </Filter>
    <Filter Include="shaders">
      <UniqueIdentifier>{7c3125aa-5455-4151-b7a9-a906c7d51958}</UniqueIdentifier>
    </Filter>
    <Filter Include="Resource Files\textures">
      <UniqueIdentifier>{70b74219-bd53-484f-9767-f188604efb5b}</UniqueIdentifier>
    </Filter>
    <Filter Include="Resource Files\models">
      <UniqueIdentifier>{66b35e60-9944-466d-a4a1-7d6eaba2ba7e}</UniqueIdentifier>
    </Filter>
    <Filter Include="HelperFiles">
      <UniqueIdentifier>{93995380-89BD-4b04-88EB-625FBE52EBFB}</UniqueIdentifier>
      <Extensions>h;hh;hpp;hxx;h++;hm;inl;inc;ipp;xsd</Extensions>
    </Filter>
    <Filter Include="HelperFiles\Helper">
      <UniqueIdentifier>{0a0abbdb-4f39-4afe-bdd6-61d134f3fb5f}</UniqueIdentifier>
    </Filter>
    <Filter Include="HelperFiles\Helper\stb">
      <UniqueIdentifier>{1e004360-53f7-4171-bfdf-4074416494e0}</UniqueIdentifier>
    </Filter>
  </ItemGroup>
  <ItemGroup>
    <ClCompile Include="helper\stb\stb_image.cpp">
      <Filter>HelperFiles\Helper\stb</Filter>
    </ClCompile>
    <ClCompile Include="helper\cube.cpp">
      <Filter>HelperFiles\Helper</Filter>
    </ClCompile>
    <ClCompile Include="helper\objmesh.cpp">
      <Filter>HelperFiles\Helper</Filter>
    </ClCompile>
    <ClCompile Include="helper\plane.cpp">
      <Filter>HelperFiles\Helper</Filter>
    </ClCompile>
    <ClCompile Include="helper\teapot.cpp">
      <Filter>HelperFiles\Helper</Filter>
    </ClCompile>
    <ClCompile Include="helper\torus.cpp">
      <Filter>HelperFiles\Helper</Filter>
    </ClCompile>
    <ClCompile Include="helper\trianglemesh.cpp">
      <Filter>HelperFiles\Helper</Filter>
    </ClCompile>
    <ClCompile Include="helper\glslprogram.cpp">
      <Filter>HelperFiles\Helper</Filter>
    </ClCompile>
    <ClCompile Include="helper\glutils.cpp">
      <Filter>HelperFiles\Helper</Filter>
    </ClCompile>
    <ClCompile Include="helper\texture.cpp">
      <Filter>HelperFiles\Helper</Filter>
    </ClCompile>
    <ClCompile Include="main.cpp">
      <Filter>Source Files</Filter>
    </ClCompile>
    <ClCompile Include="scenebasic_uniform.cpp">
      <Filter>Source Files</Filter>
    </ClCompile>
    <ClCompile Include="glad.c">
      <Filter>Source Files</Filter>
    </ClCompile>
    <ClCompile Include="helper\frustum.cpp">
      <Filter>HelperFiles\Helper</Filter>
    </ClCompile>
  </ItemGroup>
  <ItemGroup>
    <ClInclude Include="helper\stb\stb_image.h">
      <Filter>HelperFiles\Helper\stb</Filter>
    </ClInclude>
    <ClInclude Include="helper\stb\stb_image_write.h">
      <Filter>HelperFiles\Helper\stb</Filter>
    </ClInclude>
    <ClInclude Include="helper\aabb.h">
      <Filter>HelperFiles\Helper</Filter>
    </ClInclude>
    <ClInclude Include="helper\cube.h">
      <Filter>HelperFiles\Helper</Filter>
    </ClInclude>
    <ClInclude Include="helper\drawable.h">
      <Filter>HelperFiles\Helper</Filter>
    </ClInclude>
    <ClInclude Include="helper\glslprogram.h">
      <Filter>HelperFiles\Helper</Filter>
    </ClInclude>
    <ClInclude Include="helper\glutils.h">
      <Filter>HelperFiles\Helper</Filter>
    </ClInclude>
    <ClInclude Include="helper\objmesh.h">
      <Filter>HelperFiles\Helper</Filter>
    </ClInclude>
    <ClInclude Include="helper\plane.h">
      <Filter>HelperFiles\Helper</Filter>
    </ClInclude>
    <ClInclude Include="helper\scene.h">
      <Filter>HelperFiles\Helper</Filter>
    </ClInclude>
    <ClInclude Include="helper\scenerunner.h">
      <Filter>HelperFiles\Helper</Filter>
    </ClInclude>
    <ClInclude Include="helper\teapot.h">
      <Filter>HelperFiles\Helper</Filter>
    </ClInclude>
    <ClInclude Include="helper\teapotdata.h">
      <Filter>HelperFiles\Helper</Filter>
    </ClInclude>
    <ClInclude Include="helper\texture.h">
      <Filter>HelperFiles\Helper</Filter>
    </ClInclude>
    <ClInclude Include="helper\torus.h">
      <Filter>HelperFiles\Helper</Filter>
    </ClInclude>
    <ClInclude Include="helper\trianglemesh.h">
      <Filter>HelperFiles\Helper</Filter>
    </ClInclude>
    <ClInclude Include="helper\utils.h">
      <Filter>HelperFiles\Helper</Filter>
    </ClInclude>
    <ClInclude Include="scenebasic_uniform.h">
      <Filter>Source Files</Filter>
    </ClInclude>
    <ClInclude Include="helper\frustum.h">
      <Filter>HelperFiles\Helper</Filter>
    </ClInclude>
  </ItemGroup>
  <ItemGroup>
    <None Include="shaders\basic_uniform.frag">
      <Filter>shaders</Filter>
    </None>
    <None Include="shaders\basic_uniform.vert">
      <Filter>shaders</Filter>
    </None>
    <None Include="shaders\solid.vs">
      <Filter>shaders</Filter>
    </None>
    <None Include="shaders\solid.fs">
      <Filter>shaders</Filter>
    </None>
  </ItemGroup>
</Project>